// !$*UTF8*$!
{
	archiveVersion = 1;
	classes = {
	};
	objectVersion = 46;
	objects = {

/* Begin PBXBuildFile section */
		943560AF1AC7310100E3230F /* rpsls.png in Resources */ = {isa = PBXBuildFile; fileRef = 943560AE1AC7310100E3230F /* rpsls.png */; };
		948E54131AC3725100CCF68F /* AppDelegate.swift in Sources */ = {isa = PBXBuildFile; fileRef = 948E54121AC3725100CCF68F /* AppDelegate.swift */; };
		948E54151AC3725100CCF68F /* ViewController.swift in Sources */ = {isa = PBXBuildFile; fileRef = 948E54141AC3725100CCF68F /* ViewController.swift */; };
		948E54181AC3725100CCF68F /* Main.storyboard in Resources */ = {isa = PBXBuildFile; fileRef = 948E54161AC3725100CCF68F /* Main.storyboard */; };
		948E541A1AC3725100CCF68F /* Images.xcassets in Resources */ = {isa = PBXBuildFile; fileRef = 948E54191AC3725100CCF68F /* Images.xcassets */; };
		948E541D1AC3725100CCF68F /* LaunchScreen.xib in Resources */ = {isa = PBXBuildFile; fileRef = 948E541B1AC3725100CCF68F /* LaunchScreen.xib */; };
		948E54381AC378A600CCF68F /* lizard.png in Resources */ = {isa = PBXBuildFile; fileRef = 948E54331AC378A600CCF68F /* lizard.png */; };
		948E54391AC378A600CCF68F /* paper.png in Resources */ = {isa = PBXBuildFile; fileRef = 948E54341AC378A600CCF68F /* paper.png */; };
		948E543A1AC378A600CCF68F /* rock.png in Resources */ = {isa = PBXBuildFile; fileRef = 948E54351AC378A600CCF68F /* rock.png */; };
		948E543B1AC378A600CCF68F /* scissors.png in Resources */ = {isa = PBXBuildFile; fileRef = 948E54361AC378A600CCF68F /* scissors.png */; };
		948E543C1AC378A600CCF68F /* spock.png in Resources */ = {isa = PBXBuildFile; fileRef = 948E54371AC378A600CCF68F /* spock.png */; };
		948E54421AC3CF2F00CCF68F /* lizard-highlighted.png in Resources */ = {isa = PBXBuildFile; fileRef = 948E543D1AC3CF2F00CCF68F /* lizard-highlighted.png */; };
		948E54431AC3CF2F00CCF68F /* paper-highlighted.png in Resources */ = {isa = PBXBuildFile; fileRef = 948E543E1AC3CF2F00CCF68F /* paper-highlighted.png */; };
		948E54441AC3CF2F00CCF68F /* rock-highlighted.png in Resources */ = {isa = PBXBuildFile; fileRef = 948E543F1AC3CF2F00CCF68F /* rock-highlighted.png */; };
		948E54451AC3CF2F00CCF68F /* scissors-highlighted.png in Resources */ = {isa = PBXBuildFile; fileRef = 948E54401AC3CF2F00CCF68F /* scissors-highlighted.png */; };
		948E54461AC3CF2F00CCF68F /* spock-highlighted.png in Resources */ = {isa = PBXBuildFile; fileRef = 948E54411AC3CF2F00CCF68F /* spock-highlighted.png */; };
		94AA076E1AC8AE3800FB0978 /* RoShamBoKit.h in Headers */ = {isa = PBXBuildFile; fileRef = 94AA076D1AC8AE3800FB0978 /* RoShamBoKit.h */; settings = {ATTRIBUTES = (Public, ); }; };
		94AA07741AC8AE3800FB0978 /* RoShamBoKit.framework in Frameworks */ = {isa = PBXBuildFile; fileRef = 94AA07691AC8AE3800FB0978 /* RoShamBoKit.framework */; };
		94AA077D1AC8AE3800FB0978 /* RoShamBoKitTests.swift in Sources */ = {isa = PBXBuildFile; fileRef = 94AA077C1AC8AE3800FB0978 /* RoShamBoKitTests.swift */; };
		94AA07801AC8AE3800FB0978 /* RoShamBoKit.framework in Frameworks */ = {isa = PBXBuildFile; fileRef = 94AA07691AC8AE3800FB0978 /* RoShamBoKit.framework */; };
		94AA07811AC8AE3800FB0978 /* RoShamBoKit.framework in Embed Frameworks */ = {isa = PBXBuildFile; fileRef = 94AA07691AC8AE3800FB0978 /* RoShamBoKit.framework */; settings = {ATTRIBUTES = (CodeSignOnCopy, RemoveHeadersOnCopy, ); }; };
		94AA07891AC8AE5800FB0978 /* Game.swift in Sources */ = {isa = PBXBuildFile; fileRef = 94290CDC1AC486CC00882299 /* Game.swift */; };
		94AA079A1AC8B36500FB0978 /* InterfaceController.swift in Sources */ = {isa = PBXBuildFile; fileRef = 94AA07991AC8B36500FB0978 /* InterfaceController.swift */; };
		94AA079E1AC8B36500FB0978 /* Images.xcassets in Resources */ = {isa = PBXBuildFile; fileRef = 94AA079D1AC8B36500FB0978 /* Images.xcassets */; };
		94AA07A21AC8B36500FB0978 /* RoShamBo WatchKit App.app in Resources */ = {isa = PBXBuildFile; fileRef = 94AA07A11AC8B36500FB0978 /* RoShamBo WatchKit App.app */; };
		94AA07AA1AC8B36500FB0978 /* Interface.storyboard in Resources */ = {isa = PBXBuildFile; fileRef = 94AA07A81AC8B36500FB0978 /* Interface.storyboard */; };
		94AA07AC1AC8B36500FB0978 /* Images.xcassets in Resources */ = {isa = PBXBuildFile; fileRef = 94AA07AB1AC8B36500FB0978 /* Images.xcassets */; };
		94AA07AF1AC8B36500FB0978 /* RoShamBo WatchKit Extension.appex in Embed App Extensions */ = {isa = PBXBuildFile; fileRef = 94AA07941AC8B36500FB0978 /* RoShamBo WatchKit Extension.appex */; settings = {ATTRIBUTES = (RemoveHeadersOnCopy, ); }; };
		94AA07B81AC8CFA500FB0978 /* ResultsController.swift in Sources */ = {isa = PBXBuildFile; fileRef = 94AA07B71AC8CFA500FB0978 /* ResultsController.swift */; };
/* End PBXBuildFile section */

/* Begin PBXContainerItemProxy section */
		94AA07751AC8AE3800FB0978 /* PBXContainerItemProxy */ = {
			isa = PBXContainerItemProxy;
			containerPortal = 948E54051AC3725100CCF68F /* Project object */;
			proxyType = 1;
			remoteGlobalIDString = 94AA07681AC8AE3800FB0978;
			remoteInfo = RoShamBoKit;
		};
		94AA077E1AC8AE3800FB0978 /* PBXContainerItemProxy */ = {
			isa = PBXContainerItemProxy;
			containerPortal = 948E54051AC3725100CCF68F /* Project object */;
			proxyType = 1;
			remoteGlobalIDString = 94AA07681AC8AE3800FB0978;
			remoteInfo = RoShamBoKit;
		};
		94AA078A1AC8B0D500FB0978 /* PBXContainerItemProxy */ = {
			isa = PBXContainerItemProxy;
			containerPortal = 948E54051AC3725100CCF68F /* Project object */;
			proxyType = 1;
			remoteGlobalIDString = 948E540C1AC3725100CCF68F;
			remoteInfo = RoShamBo;
		};
		94AA07A31AC8B36500FB0978 /* PBXContainerItemProxy */ = {
			isa = PBXContainerItemProxy;
			containerPortal = 948E54051AC3725100CCF68F /* Project object */;
			proxyType = 1;
			remoteGlobalIDString = 94AA07A01AC8B36500FB0978;
			remoteInfo = "RoShamBo WatchKit App";
		};
		94AA07AD1AC8B36500FB0978 /* PBXContainerItemProxy */ = {
			isa = PBXContainerItemProxy;
			containerPortal = 948E54051AC3725100CCF68F /* Project object */;
			proxyType = 1;
			remoteGlobalIDString = 94AA07931AC8B36500FB0978;
			remoteInfo = "RoShamBo WatchKit Extension";
		};
/* End PBXContainerItemProxy section */

/* Begin PBXCopyFilesBuildPhase section */
		94AA07851AC8AE3800FB0978 /* Embed Frameworks */ = {
			isa = PBXCopyFilesBuildPhase;
			buildActionMask = 2147483647;
			dstPath = "";
			dstSubfolderSpec = 10;
			files = (
				94AA07811AC8AE3800FB0978 /* RoShamBoKit.framework in Embed Frameworks */,
			);
			name = "Embed Frameworks";
			runOnlyForDeploymentPostprocessing = 0;
		};
		94AA07B61AC8B36500FB0978 /* Embed App Extensions */ = {
			isa = PBXCopyFilesBuildPhase;
			buildActionMask = 2147483647;
			dstPath = "";
			dstSubfolderSpec = 13;
			files = (
				94AA07AF1AC8B36500FB0978 /* RoShamBo WatchKit Extension.appex in Embed App Extensions */,
			);
			name = "Embed App Extensions";
			runOnlyForDeploymentPostprocessing = 0;
		};
/* End PBXCopyFilesBuildPhase section */

/* Begin PBXFileReference section */
		94290CDC1AC486CC00882299 /* Game.swift */ = {isa = PBXFileReference; fileEncoding = 4; lastKnownFileType = sourcecode.swift; name = Game.swift; path = ../RoShamBo/Game.swift; sourceTree = "<group>"; };
		943560AE1AC7310100E3230F /* rpsls.png */ = {isa = PBXFileReference; lastKnownFileType = image.png; path = rpsls.png; sourceTree = "<group>"; };
		948E540D1AC3725100CCF68F /* RoShamBo.app */ = {isa = PBXFileReference; explicitFileType = wrapper.application; includeInIndex = 0; path = RoShamBo.app; sourceTree = BUILT_PRODUCTS_DIR; };
		948E54111AC3725100CCF68F /* Info.plist */ = {isa = PBXFileReference; lastKnownFileType = text.plist.xml; name = Info.plist; path = RoShamBo/Info.plist; sourceTree = SOURCE_ROOT; };
		948E54121AC3725100CCF68F /* AppDelegate.swift */ = {isa = PBXFileReference; lastKnownFileType = sourcecode.swift; path = AppDelegate.swift; sourceTree = "<group>"; };
		948E54141AC3725100CCF68F /* ViewController.swift */ = {isa = PBXFileReference; lastKnownFileType = sourcecode.swift; path = ViewController.swift; sourceTree = "<group>"; };
		948E54171AC3725100CCF68F /* Base */ = {isa = PBXFileReference; lastKnownFileType = file.storyboard; name = Base; path = Base.lproj/Main.storyboard; sourceTree = "<group>"; };
		948E54191AC3725100CCF68F /* Images.xcassets */ = {isa = PBXFileReference; lastKnownFileType = folder.assetcatalog; name = Images.xcassets; path = ../Images.xcassets; sourceTree = "<group>"; };
		948E541C1AC3725100CCF68F /* Base */ = {isa = PBXFileReference; lastKnownFileType = file.xib; name = Base; path = Base.lproj/LaunchScreen.xib; sourceTree = "<group>"; };
		948E54331AC378A600CCF68F /* lizard.png */ = {isa = PBXFileReference; lastKnownFileType = image.png; path = lizard.png; sourceTree = "<group>"; };
		948E54341AC378A600CCF68F /* paper.png */ = {isa = PBXFileReference; lastKnownFileType = image.png; path = paper.png; sourceTree = "<group>"; };
		948E54351AC378A600CCF68F /* rock.png */ = {isa = PBXFileReference; lastKnownFileType = image.png; path = rock.png; sourceTree = "<group>"; };
		948E54361AC378A600CCF68F /* scissors.png */ = {isa = PBXFileReference; lastKnownFileType = image.png; path = scissors.png; sourceTree = "<group>"; };
		948E54371AC378A600CCF68F /* spock.png */ = {isa = PBXFileReference; lastKnownFileType = image.png; path = spock.png; sourceTree = "<group>"; };
		948E543D1AC3CF2F00CCF68F /* lizard-highlighted.png */ = {isa = PBXFileReference; lastKnownFileType = image.png; path = "lizard-highlighted.png"; sourceTree = "<group>"; };
		948E543E1AC3CF2F00CCF68F /* paper-highlighted.png */ = {isa = PBXFileReference; lastKnownFileType = image.png; path = "paper-highlighted.png"; sourceTree = "<group>"; };
		948E543F1AC3CF2F00CCF68F /* rock-highlighted.png */ = {isa = PBXFileReference; lastKnownFileType = image.png; path = "rock-highlighted.png"; sourceTree = "<group>"; };
		948E54401AC3CF2F00CCF68F /* scissors-highlighted.png */ = {isa = PBXFileReference; lastKnownFileType = image.png; path = "scissors-highlighted.png"; sourceTree = "<group>"; };
		948E54411AC3CF2F00CCF68F /* spock-highlighted.png */ = {isa = PBXFileReference; lastKnownFileType = image.png; path = "spock-highlighted.png"; sourceTree = "<group>"; };
		94AA07691AC8AE3800FB0978 /* RoShamBoKit.framework */ = {isa = PBXFileReference; explicitFileType = wrapper.framework; includeInIndex = 0; path = RoShamBoKit.framework; sourceTree = BUILT_PRODUCTS_DIR; };
		94AA076C1AC8AE3800FB0978 /* Info.plist */ = {isa = PBXFileReference; lastKnownFileType = text.plist.xml; path = Info.plist; sourceTree = "<group>"; };
		94AA076D1AC8AE3800FB0978 /* RoShamBoKit.h */ = {isa = PBXFileReference; lastKnownFileType = sourcecode.c.h; path = RoShamBoKit.h; sourceTree = "<group>"; };
		94AA07731AC8AE3800FB0978 /* RoShamBoKitTests.xctest */ = {isa = PBXFileReference; explicitFileType = wrapper.cfbundle; includeInIndex = 0; path = RoShamBoKitTests.xctest; sourceTree = BUILT_PRODUCTS_DIR; };
		94AA077B1AC8AE3800FB0978 /* Info.plist */ = {isa = PBXFileReference; lastKnownFileType = text.plist.xml; path = Info.plist; sourceTree = "<group>"; };
		94AA077C1AC8AE3800FB0978 /* RoShamBoKitTests.swift */ = {isa = PBXFileReference; lastKnownFileType = sourcecode.swift; path = RoShamBoKitTests.swift; sourceTree = "<group>"; };
		94AA07941AC8B36500FB0978 /* RoShamBo WatchKit Extension.appex */ = {isa = PBXFileReference; explicitFileType = "wrapper.app-extension"; includeInIndex = 0; path = "RoShamBo WatchKit Extension.appex"; sourceTree = BUILT_PRODUCTS_DIR; };
		94AA07971AC8B36500FB0978 /* Info.plist */ = {isa = PBXFileReference; lastKnownFileType = text.plist.xml; path = Info.plist; sourceTree = "<group>"; };
		94AA07981AC8B36500FB0978 /* PushNotificationPayload.apns */ = {isa = PBXFileReference; lastKnownFileType = text; path = PushNotificationPayload.apns; sourceTree = "<group>"; };
		94AA07991AC8B36500FB0978 /* InterfaceController.swift */ = {isa = PBXFileReference; lastKnownFileType = sourcecode.swift; path = InterfaceController.swift; sourceTree = "<group>"; };
		94AA079D1AC8B36500FB0978 /* Images.xcassets */ = {isa = PBXFileReference; lastKnownFileType = folder.assetcatalog; path = Images.xcassets; sourceTree = "<group>"; };
		94AA07A11AC8B36500FB0978 /* RoShamBo WatchKit App.app */ = {isa = PBXFileReference; explicitFileType = wrapper.application; includeInIndex = 0; path = "RoShamBo WatchKit App.app"; sourceTree = BUILT_PRODUCTS_DIR; };
		94AA07A71AC8B36500FB0978 /* Info.plist */ = {isa = PBXFileReference; lastKnownFileType = text.plist.xml; path = Info.plist; sourceTree = "<group>"; };
		94AA07A91AC8B36500FB0978 /* Base */ = {isa = PBXFileReference; lastKnownFileType = file.storyboard; name = Base; path = Base.lproj/Interface.storyboard; sourceTree = "<group>"; };
		94AA07AB1AC8B36500FB0978 /* Images.xcassets */ = {isa = PBXFileReference; lastKnownFileType = folder.assetcatalog; path = Images.xcassets; sourceTree = "<group>"; };
		94AA07B71AC8CFA500FB0978 /* ResultsController.swift */ = {isa = PBXFileReference; fileEncoding = 4; lastKnownFileType = sourcecode.swift; path = ResultsController.swift; sourceTree = "<group>"; };
/* End PBXFileReference section */

/* Begin PBXFrameworksBuildPhase section */
		948E540A1AC3725100CCF68F /* Frameworks */ = {
			isa = PBXFrameworksBuildPhase;
			buildActionMask = 2147483647;
			files = (
				94AA07801AC8AE3800FB0978 /* RoShamBoKit.framework in Frameworks */,
			);
			runOnlyForDeploymentPostprocessing = 0;
		};
		94AA07651AC8AE3800FB0978 /* Frameworks */ = {
			isa = PBXFrameworksBuildPhase;
			buildActionMask = 2147483647;
			files = (
			);
			runOnlyForDeploymentPostprocessing = 0;
		};
		94AA07701AC8AE3800FB0978 /* Frameworks */ = {
			isa = PBXFrameworksBuildPhase;
			buildActionMask = 2147483647;
			files = (
				94AA07741AC8AE3800FB0978 /* RoShamBoKit.framework in Frameworks */,
			);
			runOnlyForDeploymentPostprocessing = 0;
		};
		94AA07911AC8B36500FB0978 /* Frameworks */ = {
			isa = PBXFrameworksBuildPhase;
			buildActionMask = 2147483647;
			files = (
			);
			runOnlyForDeploymentPostprocessing = 0;
		};
/* End PBXFrameworksBuildPhase section */

/* Begin PBXGroup section */
		948E54041AC3725100CCF68F = {
			isa = PBXGroup;
			children = (
				94AA078D1AC8B21F00FB0978 /* Phone */,
				94AA078E1AC8B23300FB0978 /* Watch */,
				94AA078F1AC8B23D00FB0978 /* Extension */,
				948E540E1AC3725100CCF68F /* Products */,
			);
			sourceTree = "<group>";
		};
		948E540E1AC3725100CCF68F /* Products */ = {
			isa = PBXGroup;
			children = (
				948E540D1AC3725100CCF68F /* RoShamBo.app */,
				94AA07691AC8AE3800FB0978 /* RoShamBoKit.framework */,
				94AA07731AC8AE3800FB0978 /* RoShamBoKitTests.xctest */,
				94AA07941AC8B36500FB0978 /* RoShamBo WatchKit Extension.appex */,
				94AA07A11AC8B36500FB0978 /* RoShamBo WatchKit App.app */,
			);
			name = Products;
			sourceTree = "<group>";
		};
		948E540F1AC3725100CCF68F /* RoShamBo */ = {
			isa = PBXGroup;
			children = (
				94AA078C1AC8B1AA00FB0978 /* Storyboards */,
				948E54321AC378A600CCF68F /* images */,
				948E54121AC3725100CCF68F /* AppDelegate.swift */,
				948E54141AC3725100CCF68F /* ViewController.swift */,
				948E54101AC3725100CCF68F /* Supporting Files */,
			);
			path = RoShamBo;
			sourceTree = SOURCE_ROOT;
		};
		948E54101AC3725100CCF68F /* Supporting Files */ = {
			isa = PBXGroup;
			children = (
				948E54111AC3725100CCF68F /* Info.plist */,
			);
			name = "Supporting Files";
			sourceTree = "<group>";
		};
		948E54321AC378A600CCF68F /* images */ = {
			isa = PBXGroup;
			children = (
				948E54191AC3725100CCF68F /* Images.xcassets */,
				943560AE1AC7310100E3230F /* rpsls.png */,
				948E543D1AC3CF2F00CCF68F /* lizard-highlighted.png */,
				948E543E1AC3CF2F00CCF68F /* paper-highlighted.png */,
				948E543F1AC3CF2F00CCF68F /* rock-highlighted.png */,
				948E54401AC3CF2F00CCF68F /* scissors-highlighted.png */,
				948E54411AC3CF2F00CCF68F /* spock-highlighted.png */,
				948E54331AC378A600CCF68F /* lizard.png */,
				948E54341AC378A600CCF68F /* paper.png */,
				948E54351AC378A600CCF68F /* rock.png */,
				948E54361AC378A600CCF68F /* scissors.png */,
				948E54371AC378A600CCF68F /* spock.png */,
			);
			path = images;
			sourceTree = "<group>";
		};
		94AA076A1AC8AE3800FB0978 /* RoShamBoKit */ = {
			isa = PBXGroup;
			children = (
				94290CDC1AC486CC00882299 /* Game.swift */,
				94AA076D1AC8AE3800FB0978 /* RoShamBoKit.h */,
				94AA076B1AC8AE3800FB0978 /* Supporting Files */,
			);
			path = RoShamBoKit;
			sourceTree = "<group>";
		};
		94AA076B1AC8AE3800FB0978 /* Supporting Files */ = {
			isa = PBXGroup;
			children = (
				94AA076C1AC8AE3800FB0978 /* Info.plist */,
			);
			name = "Supporting Files";
			sourceTree = "<group>";
		};
		94AA07791AC8AE3800FB0978 /* RoShamBoKitTests */ = {
			isa = PBXGroup;
			children = (
				94AA077C1AC8AE3800FB0978 /* RoShamBoKitTests.swift */,
				94AA077A1AC8AE3800FB0978 /* Supporting Files */,
			);
			path = RoShamBoKitTests;
			sourceTree = "<group>";
		};
		94AA077A1AC8AE3800FB0978 /* Supporting Files */ = {
			isa = PBXGroup;
			children = (
				94AA077B1AC8AE3800FB0978 /* Info.plist */,
			);
			name = "Supporting Files";
			sourceTree = "<group>";
		};
		94AA078C1AC8B1AA00FB0978 /* Storyboards */ = {
			isa = PBXGroup;
			children = (
				948E54161AC3725100CCF68F /* Main.storyboard */,
				948E541B1AC3725100CCF68F /* LaunchScreen.xib */,
			);
			name = Storyboards;
			sourceTree = "<group>";
		};
		94AA078D1AC8B21F00FB0978 /* Phone */ = {
			isa = PBXGroup;
			children = (
				948E540F1AC3725100CCF68F /* RoShamBo */,
			);
			name = Phone;
			sourceTree = "<group>";
		};
		94AA078E1AC8B23300FB0978 /* Watch */ = {
			isa = PBXGroup;
			children = (
				94AA07951AC8B36500FB0978 /* RoShamBo WatchKit Extension */,
				94AA07A51AC8B36500FB0978 /* RoShamBo WatchKit App */,
			);
			name = Watch;
			sourceTree = "<group>";
		};
		94AA078F1AC8B23D00FB0978 /* Extension */ = {
			isa = PBXGroup;
			children = (
				94AA076A1AC8AE3800FB0978 /* RoShamBoKit */,
				94AA07791AC8AE3800FB0978 /* RoShamBoKitTests */,
			);
			name = Extension;
			sourceTree = "<group>";
		};
		94AA07951AC8B36500FB0978 /* RoShamBo WatchKit Extension */ = {
			isa = PBXGroup;
			children = (
				94AA07991AC8B36500FB0978 /* InterfaceController.swift */,
				94AA07B71AC8CFA500FB0978 /* ResultsController.swift */,
				94AA079D1AC8B36500FB0978 /* Images.xcassets */,
				94AA07961AC8B36500FB0978 /* Supporting Files */,
			);
			path = "RoShamBo WatchKit Extension";
			sourceTree = "<group>";
		};
		94AA07961AC8B36500FB0978 /* Supporting Files */ = {
			isa = PBXGroup;
			children = (
				94AA07971AC8B36500FB0978 /* Info.plist */,
				94AA07981AC8B36500FB0978 /* PushNotificationPayload.apns */,
			);
			name = "Supporting Files";
			sourceTree = "<group>";
		};
		94AA07A51AC8B36500FB0978 /* RoShamBo WatchKit App */ = {
			isa = PBXGroup;
			children = (
				94AA07A81AC8B36500FB0978 /* Interface.storyboard */,
				94AA07AB1AC8B36500FB0978 /* Images.xcassets */,
				94AA07A61AC8B36500FB0978 /* Supporting Files */,
			);
			path = "RoShamBo WatchKit App";
			sourceTree = "<group>";
		};
		94AA07A61AC8B36500FB0978 /* Supporting Files */ = {
			isa = PBXGroup;
			children = (
				94AA07A71AC8B36500FB0978 /* Info.plist */,
			);
			name = "Supporting Files";
			sourceTree = "<group>";
		};
/* End PBXGroup section */

/* Begin PBXHeadersBuildPhase section */
		94AA07661AC8AE3800FB0978 /* Headers */ = {
			isa = PBXHeadersBuildPhase;
			buildActionMask = 2147483647;
			files = (
				94AA076E1AC8AE3800FB0978 /* RoShamBoKit.h in Headers */,
			);
			runOnlyForDeploymentPostprocessing = 0;
		};
/* End PBXHeadersBuildPhase section */

/* Begin PBXNativeTarget section */
		948E540C1AC3725100CCF68F /* RoShamBo */ = {
			isa = PBXNativeTarget;
			buildConfigurationList = 948E542C1AC3725100CCF68F /* Build configuration list for PBXNativeTarget "RoShamBo" */;
			buildPhases = (
				948E54091AC3725100CCF68F /* Sources */,
				948E540A1AC3725100CCF68F /* Frameworks */,
				948E540B1AC3725100CCF68F /* Resources */,
				94AA07851AC8AE3800FB0978 /* Embed Frameworks */,
				94AA07B61AC8B36500FB0978 /* Embed App Extensions */,
			);
			buildRules = (
			);
			dependencies = (
				94AA077F1AC8AE3800FB0978 /* PBXTargetDependency */,
				94AA07AE1AC8B36500FB0978 /* PBXTargetDependency */,
			);
			name = RoShamBo;
			productName = RoShamBo;
			productReference = 948E540D1AC3725100CCF68F /* RoShamBo.app */;
			productType = "com.apple.product-type.application";
		};
		94AA07681AC8AE3800FB0978 /* RoShamBoKit */ = {
			isa = PBXNativeTarget;
			buildConfigurationList = 94AA07821AC8AE3800FB0978 /* Build configuration list for PBXNativeTarget "RoShamBoKit" */;
			buildPhases = (
				94AA07641AC8AE3800FB0978 /* Sources */,
				94AA07651AC8AE3800FB0978 /* Frameworks */,
				94AA07661AC8AE3800FB0978 /* Headers */,
				94AA07671AC8AE3800FB0978 /* Resources */,
			);
			buildRules = (
			);
			dependencies = (
			);
			name = RoShamBoKit;
			productName = RoShamBoKit;
			productReference = 94AA07691AC8AE3800FB0978 /* RoShamBoKit.framework */;
			productType = "com.apple.product-type.framework";
		};
		94AA07721AC8AE3800FB0978 /* RoShamBoKitTests */ = {
			isa = PBXNativeTarget;
			buildConfigurationList = 94AA07861AC8AE3800FB0978 /* Build configuration list for PBXNativeTarget "RoShamBoKitTests" */;
			buildPhases = (
				94AA076F1AC8AE3800FB0978 /* Sources */,
				94AA07701AC8AE3800FB0978 /* Frameworks */,
				94AA07711AC8AE3800FB0978 /* Resources */,
			);
			buildRules = (
			);
			dependencies = (
				94AA07761AC8AE3800FB0978 /* PBXTargetDependency */,
				94AA078B1AC8B0D500FB0978 /* PBXTargetDependency */,
			);
			name = RoShamBoKitTests;
			productName = RoShamBoKitTests;
			productReference = 94AA07731AC8AE3800FB0978 /* RoShamBoKitTests.xctest */;
			productType = "com.apple.product-type.bundle.unit-test";
		};
		94AA07931AC8B36500FB0978 /* RoShamBo WatchKit Extension */ = {
			isa = PBXNativeTarget;
			buildConfigurationList = 94AA07B51AC8B36500FB0978 /* Build configuration list for PBXNativeTarget "RoShamBo WatchKit Extension" */;
			buildPhases = (
				94AA07901AC8B36500FB0978 /* Sources */,
				94AA07911AC8B36500FB0978 /* Frameworks */,
				94AA07921AC8B36500FB0978 /* Resources */,
			);
			buildRules = (
			);
			dependencies = (
				94AA07A41AC8B36500FB0978 /* PBXTargetDependency */,
			);
			name = "RoShamBo WatchKit Extension";
			productName = "RoShamBo WatchKit Extension";
			productReference = 94AA07941AC8B36500FB0978 /* RoShamBo WatchKit Extension.appex */;
			productType = "com.apple.product-type.watchkit-extension";
		};
		94AA07A01AC8B36500FB0978 /* RoShamBo WatchKit App */ = {
			isa = PBXNativeTarget;
			buildConfigurationList = 94AA07B41AC8B36500FB0978 /* Build configuration list for PBXNativeTarget "RoShamBo WatchKit App" */;
			buildPhases = (
				94AA079F1AC8B36500FB0978 /* Resources */,
			);
			buildRules = (
			);
			dependencies = (
			);
			name = "RoShamBo WatchKit App";
			productName = "RoShamBo WatchKit App";
			productReference = 94AA07A11AC8B36500FB0978 /* RoShamBo WatchKit App.app */;
			productType = "com.apple.product-type.application.watchapp";
		};
/* End PBXNativeTarget section */

/* Begin PBXProject section */
		948E54051AC3725100CCF68F /* Project object */ = {
			isa = PBXProject;
			attributes = {
				LastUpgradeCheck = 0620;
				ORGANIZATIONNAME = "PDX-iOS";
				TargetAttributes = {
					948E540C1AC3725100CCF68F = {
						CreatedOnToolsVersion = 6.2;
					};
					94AA07681AC8AE3800FB0978 = {
						CreatedOnToolsVersion = 6.2;
					};
					94AA07721AC8AE3800FB0978 = {
						CreatedOnToolsVersion = 6.2;
						TestTargetID = 948E540C1AC3725100CCF68F;
					};
					94AA07931AC8B36500FB0978 = {
						CreatedOnToolsVersion = 6.2;
					};
					94AA07A01AC8B36500FB0978 = {
						CreatedOnToolsVersion = 6.2;
					};
				};
			};
			buildConfigurationList = 948E54081AC3725100CCF68F /* Build configuration list for PBXProject "RoShamBo" */;
			compatibilityVersion = "Xcode 3.2";
			developmentRegion = English;
			hasScannedForEncodings = 0;
			knownRegions = (
				en,
				Base,
			);
			mainGroup = 948E54041AC3725100CCF68F;
			productRefGroup = 948E540E1AC3725100CCF68F /* Products */;
			projectDirPath = "";
			projectRoot = "";
			targets = (
				948E540C1AC3725100CCF68F /* RoShamBo */,
				94AA07681AC8AE3800FB0978 /* RoShamBoKit */,
				94AA07721AC8AE3800FB0978 /* RoShamBoKitTests */,
				94AA07931AC8B36500FB0978 /* RoShamBo WatchKit Extension */,
				94AA07A01AC8B36500FB0978 /* RoShamBo WatchKit App */,
			);
		};
/* End PBXProject section */

/* Begin PBXResourcesBuildPhase section */
		948E540B1AC3725100CCF68F /* Resources */ = {
			isa = PBXResourcesBuildPhase;
			buildActionMask = 2147483647;
			files = (
				948E54181AC3725100CCF68F /* Main.storyboard in Resources */,
				948E54391AC378A600CCF68F /* paper.png in Resources */,
				948E543A1AC378A600CCF68F /* rock.png in Resources */,
				948E543B1AC378A600CCF68F /* scissors.png in Resources */,
				948E543C1AC378A600CCF68F /* spock.png in Resources */,
				948E541D1AC3725100CCF68F /* LaunchScreen.xib in Resources */,
				948E54461AC3CF2F00CCF68F /* spock-highlighted.png in Resources */,
				948E54431AC3CF2F00CCF68F /* paper-highlighted.png in Resources */,
				948E541A1AC3725100CCF68F /* Images.xcassets in Resources */,
				948E54381AC378A600CCF68F /* lizard.png in Resources */,
				943560AF1AC7310100E3230F /* rpsls.png in Resources */,
				948E54441AC3CF2F00CCF68F /* rock-highlighted.png in Resources */,
				948E54451AC3CF2F00CCF68F /* scissors-highlighted.png in Resources */,
				948E54421AC3CF2F00CCF68F /* lizard-highlighted.png in Resources */,
			);
			runOnlyForDeploymentPostprocessing = 0;
		};
		94AA07671AC8AE3800FB0978 /* Resources */ = {
			isa = PBXResourcesBuildPhase;
			buildActionMask = 2147483647;
			files = (
			);
			runOnlyForDeploymentPostprocessing = 0;
		};
		94AA07711AC8AE3800FB0978 /* Resources */ = {
			isa = PBXResourcesBuildPhase;
			buildActionMask = 2147483647;
			files = (
			);
			runOnlyForDeploymentPostprocessing = 0;
		};
		94AA07921AC8B36500FB0978 /* Resources */ = {
			isa = PBXResourcesBuildPhase;
			buildActionMask = 2147483647;
			files = (
				94AA079E1AC8B36500FB0978 /* Images.xcassets in Resources */,
				94AA07A21AC8B36500FB0978 /* RoShamBo WatchKit App.app in Resources */,
			);
			runOnlyForDeploymentPostprocessing = 0;
		};
		94AA079F1AC8B36500FB0978 /* Resources */ = {
			isa = PBXResourcesBuildPhase;
			buildActionMask = 2147483647;
			files = (
				94AA07AA1AC8B36500FB0978 /* Interface.storyboard in Resources */,
				94AA07AC1AC8B36500FB0978 /* Images.xcassets in Resources */,
			);
			runOnlyForDeploymentPostprocessing = 0;
		};
/* End PBXResourcesBuildPhase section */

/* Begin PBXSourcesBuildPhase section */
		948E54091AC3725100CCF68F /* Sources */ = {
			isa = PBXSourcesBuildPhase;
			buildActionMask = 2147483647;
			files = (
				948E54151AC3725100CCF68F /* ViewController.swift in Sources */,
				948E54131AC3725100CCF68F /* AppDelegate.swift in Sources */,
			);
			runOnlyForDeploymentPostprocessing = 0;
		};
		94AA07641AC8AE3800FB0978 /* Sources */ = {
			isa = PBXSourcesBuildPhase;
			buildActionMask = 2147483647;
			files = (
				94AA07891AC8AE5800FB0978 /* Game.swift in Sources */,
			);
			runOnlyForDeploymentPostprocessing = 0;
		};
		94AA076F1AC8AE3800FB0978 /* Sources */ = {
			isa = PBXSourcesBuildPhase;
			buildActionMask = 2147483647;
			files = (
				94AA077D1AC8AE3800FB0978 /* RoShamBoKitTests.swift in Sources */,
			);
			runOnlyForDeploymentPostprocessing = 0;
		};
		94AA07901AC8B36500FB0978 /* Sources */ = {
			isa = PBXSourcesBuildPhase;
			buildActionMask = 2147483647;
			files = (
				94AA07B81AC8CFA500FB0978 /* ResultsController.swift in Sources */,
				94AA079A1AC8B36500FB0978 /* InterfaceController.swift in Sources */,
			);
			runOnlyForDeploymentPostprocessing = 0;
		};
/* End PBXSourcesBuildPhase section */

/* Begin PBXTargetDependency section */
		94AA07761AC8AE3800FB0978 /* PBXTargetDependency */ = {
			isa = PBXTargetDependency;
			target = 94AA07681AC8AE3800FB0978 /* RoShamBoKit */;
			targetProxy = 94AA07751AC8AE3800FB0978 /* PBXContainerItemProxy */;
		};
		94AA077F1AC8AE3800FB0978 /* PBXTargetDependency */ = {
			isa = PBXTargetDependency;
			target = 94AA07681AC8AE3800FB0978 /* RoShamBoKit */;
			targetProxy = 94AA077E1AC8AE3800FB0978 /* PBXContainerItemProxy */;
		};
		94AA078B1AC8B0D500FB0978 /* PBXTargetDependency */ = {
			isa = PBXTargetDependency;
			target = 948E540C1AC3725100CCF68F /* RoShamBo */;
			targetProxy = 94AA078A1AC8B0D500FB0978 /* PBXContainerItemProxy */;
		};
		94AA07A41AC8B36500FB0978 /* PBXTargetDependency */ = {
			isa = PBXTargetDependency;
			target = 94AA07A01AC8B36500FB0978 /* RoShamBo WatchKit App */;
			targetProxy = 94AA07A31AC8B36500FB0978 /* PBXContainerItemProxy */;
		};
		94AA07AE1AC8B36500FB0978 /* PBXTargetDependency */ = {
			isa = PBXTargetDependency;
			target = 94AA07931AC8B36500FB0978 /* RoShamBo WatchKit Extension */;
			targetProxy = 94AA07AD1AC8B36500FB0978 /* PBXContainerItemProxy */;
		};
/* End PBXTargetDependency section */

/* Begin PBXVariantGroup section */
		948E54161AC3725100CCF68F /* Main.storyboard */ = {
			isa = PBXVariantGroup;
			children = (
				948E54171AC3725100CCF68F /* Base */,
			);
			name = Main.storyboard;
			sourceTree = "<group>";
		};
		948E541B1AC3725100CCF68F /* LaunchScreen.xib */ = {
			isa = PBXVariantGroup;
			children = (
				948E541C1AC3725100CCF68F /* Base */,
			);
			name = LaunchScreen.xib;
			sourceTree = "<group>";
		};
		94AA07A81AC8B36500FB0978 /* Interface.storyboard */ = {
			isa = PBXVariantGroup;
			children = (
				94AA07A91AC8B36500FB0978 /* Base */,
			);
			name = Interface.storyboard;
			sourceTree = "<group>";
		};
/* End PBXVariantGroup section */

/* Begin XCBuildConfiguration section */
		948E542A1AC3725100CCF68F /* Debug */ = {
			isa = XCBuildConfiguration;
			buildSettings = {
				ALWAYS_SEARCH_USER_PATHS = NO;
				CLANG_CXX_LANGUAGE_STANDARD = "gnu++0x";
				CLANG_CXX_LIBRARY = "libc++";
				CLANG_ENABLE_MODULES = YES;
				CLANG_ENABLE_OBJC_ARC = YES;
				CLANG_WARN_BOOL_CONVERSION = YES;
				CLANG_WARN_CONSTANT_CONVERSION = YES;
				CLANG_WARN_DIRECT_OBJC_ISA_USAGE = YES_ERROR;
				CLANG_WARN_EMPTY_BODY = YES;
				CLANG_WARN_ENUM_CONVERSION = YES;
				CLANG_WARN_INT_CONVERSION = YES;
				CLANG_WARN_OBJC_ROOT_CLASS = YES_ERROR;
				CLANG_WARN_UNREACHABLE_CODE = YES;
				CLANG_WARN__DUPLICATE_METHOD_MATCH = YES;
				"CODE_SIGN_IDENTITY[sdk=iphoneos*]" = "iPhone Developer";
				COPY_PHASE_STRIP = NO;
				ENABLE_STRICT_OBJC_MSGSEND = YES;
				GCC_C_LANGUAGE_STANDARD = gnu99;
				GCC_DYNAMIC_NO_PIC = NO;
				GCC_OPTIMIZATION_LEVEL = 0;
				GCC_PREPROCESSOR_DEFINITIONS = (
					"DEBUG=1",
					"$(inherited)",
				);
				GCC_SYMBOLS_PRIVATE_EXTERN = NO;
				GCC_WARN_64_TO_32_BIT_CONVERSION = YES;
				GCC_WARN_ABOUT_RETURN_TYPE = YES_ERROR;
				GCC_WARN_UNDECLARED_SELECTOR = YES;
				GCC_WARN_UNINITIALIZED_AUTOS = YES_AGGRESSIVE;
				GCC_WARN_UNUSED_FUNCTION = YES;
				GCC_WARN_UNUSED_VARIABLE = YES;
				IPHONEOS_DEPLOYMENT_TARGET = 8.2;
				MTL_ENABLE_DEBUG_INFO = YES;
				ONLY_ACTIVE_ARCH = YES;
				SDKROOT = iphoneos;
				SWIFT_OPTIMIZATION_LEVEL = "-Onone";
				TARGETED_DEVICE_FAMILY = "1,2";
			};
			name = Debug;
		};
		948E542B1AC3725100CCF68F /* Release */ = {
			isa = XCBuildConfiguration;
			buildSettings = {
				ALWAYS_SEARCH_USER_PATHS = NO;
				CLANG_CXX_LANGUAGE_STANDARD = "gnu++0x";
				CLANG_CXX_LIBRARY = "libc++";
				CLANG_ENABLE_MODULES = YES;
				CLANG_ENABLE_OBJC_ARC = YES;
				CLANG_WARN_BOOL_CONVERSION = YES;
				CLANG_WARN_CONSTANT_CONVERSION = YES;
				CLANG_WARN_DIRECT_OBJC_ISA_USAGE = YES_ERROR;
				CLANG_WARN_EMPTY_BODY = YES;
				CLANG_WARN_ENUM_CONVERSION = YES;
				CLANG_WARN_INT_CONVERSION = YES;
				CLANG_WARN_OBJC_ROOT_CLASS = YES_ERROR;
				CLANG_WARN_UNREACHABLE_CODE = YES;
				CLANG_WARN__DUPLICATE_METHOD_MATCH = YES;
				"CODE_SIGN_IDENTITY[sdk=iphoneos*]" = "iPhone Developer";
				COPY_PHASE_STRIP = NO;
				ENABLE_NS_ASSERTIONS = NO;
				ENABLE_STRICT_OBJC_MSGSEND = YES;
				GCC_C_LANGUAGE_STANDARD = gnu99;
				GCC_WARN_64_TO_32_BIT_CONVERSION = YES;
				GCC_WARN_ABOUT_RETURN_TYPE = YES_ERROR;
				GCC_WARN_UNDECLARED_SELECTOR = YES;
				GCC_WARN_UNINITIALIZED_AUTOS = YES_AGGRESSIVE;
				GCC_WARN_UNUSED_FUNCTION = YES;
				GCC_WARN_UNUSED_VARIABLE = YES;
				IPHONEOS_DEPLOYMENT_TARGET = 8.2;
				MTL_ENABLE_DEBUG_INFO = NO;
				SDKROOT = iphoneos;
				TARGETED_DEVICE_FAMILY = "1,2";
				VALIDATE_PRODUCT = YES;
			};
			name = Release;
		};
		948E542D1AC3725100CCF68F /* Debug */ = {
			isa = XCBuildConfiguration;
			buildSettings = {
				ASSETCATALOG_COMPILER_APPICON_NAME = AppIcon;
				DEFINES_MODULE = YES;
				EMBEDDED_CONTENT_CONTAINS_SWIFT = YES;
				INFOPLIST_FILE = RoShamBo/Info.plist;
				LD_RUNPATH_SEARCH_PATHS = "$(inherited) @executable_path/Frameworks";
				PRODUCT_NAME = RoShamBo;
				TARGETED_DEVICE_FAMILY = 1;
			};
			name = Debug;
		};
		948E542E1AC3725100CCF68F /* Release */ = {
			isa = XCBuildConfiguration;
			buildSettings = {
				ASSETCATALOG_COMPILER_APPICON_NAME = AppIcon;
				DEFINES_MODULE = YES;
				EMBEDDED_CONTENT_CONTAINS_SWIFT = YES;
				INFOPLIST_FILE = RoShamBo/Info.plist;
				LD_RUNPATH_SEARCH_PATHS = "$(inherited) @executable_path/Frameworks";
				PRODUCT_NAME = RoShamBo;
				TARGETED_DEVICE_FAMILY = 1;
			};
			name = Release;
		};
		94AA07831AC8AE3800FB0978 /* Debug */ = {
			isa = XCBuildConfiguration;
			buildSettings = {
				CURRENT_PROJECT_VERSION = 1;
				DEFINES_MODULE = YES;
				DYLIB_COMPATIBILITY_VERSION = 1;
				DYLIB_CURRENT_VERSION = 1;
				DYLIB_INSTALL_NAME_BASE = "@rpath";
				GCC_PREPROCESSOR_DEFINITIONS = (
					"DEBUG=1",
					"$(inherited)",
				);
				INFOPLIST_FILE = RoShamBoKit/Info.plist;
				INSTALL_PATH = "$(LOCAL_LIBRARY_DIR)/Frameworks";
				LD_RUNPATH_SEARCH_PATHS = "$(inherited) @executable_path/Frameworks @loader_path/Frameworks";
				PRODUCT_NAME = "$(TARGET_NAME)";
				SKIP_INSTALL = YES;
				VERSIONING_SYSTEM = "apple-generic";
				VERSION_INFO_PREFIX = "";
			};
			name = Debug;
		};
		94AA07841AC8AE3800FB0978 /* Release */ = {
			isa = XCBuildConfiguration;
			buildSettings = {
				CURRENT_PROJECT_VERSION = 1;
				DEFINES_MODULE = YES;
				DYLIB_COMPATIBILITY_VERSION = 1;
				DYLIB_CURRENT_VERSION = 1;
				DYLIB_INSTALL_NAME_BASE = "@rpath";
				INFOPLIST_FILE = RoShamBoKit/Info.plist;
				INSTALL_PATH = "$(LOCAL_LIBRARY_DIR)/Frameworks";
				LD_RUNPATH_SEARCH_PATHS = "$(inherited) @executable_path/Frameworks @loader_path/Frameworks";
				PRODUCT_NAME = "$(TARGET_NAME)";
				SKIP_INSTALL = YES;
				VERSIONING_SYSTEM = "apple-generic";
				VERSION_INFO_PREFIX = "";
			};
			name = Release;
		};
		94AA07871AC8AE3800FB0978 /* Debug */ = {
			isa = XCBuildConfiguration;
			buildSettings = {
				FRAMEWORK_SEARCH_PATHS = (
					"$(SDKROOT)/Developer/Library/Frameworks",
					"$(inherited)",
				);
				GCC_PREPROCESSOR_DEFINITIONS = (
					"DEBUG=1",
					"$(inherited)",
				);
				INFOPLIST_FILE = RoShamBoKitTests/Info.plist;
				LD_RUNPATH_SEARCH_PATHS = "$(inherited) @executable_path/Frameworks @loader_path/Frameworks";
				PRODUCT_NAME = "$(TARGET_NAME)";
				TEST_HOST = "$(BUILT_PRODUCTS_DIR)/RoShamBo.app/RoShamBo";
			};
			name = Debug;
		};
		94AA07881AC8AE3800FB0978 /* Release */ = {
			isa = XCBuildConfiguration;
			buildSettings = {
				FRAMEWORK_SEARCH_PATHS = (
					"$(SDKROOT)/Developer/Library/Frameworks",
					"$(inherited)",
				);
				INFOPLIST_FILE = RoShamBoKitTests/Info.plist;
				LD_RUNPATH_SEARCH_PATHS = "$(inherited) @executable_path/Frameworks @loader_path/Frameworks";
				PRODUCT_NAME = "$(TARGET_NAME)";
				TEST_HOST = "$(BUILT_PRODUCTS_DIR)/RoShamBo.app/RoShamBo";
			};
			name = Release;
		};
		94AA07B01AC8B36500FB0978 /* Debug */ = {
			isa = XCBuildConfiguration;
			buildSettings = {
				GCC_PREPROCESSOR_DEFINITIONS = (
					"DEBUG=1",
					"$(inherited)",
				);
				INFOPLIST_FILE = "RoShamBo WatchKit Extension/Info.plist";
				LD_RUNPATH_SEARCH_PATHS = "$(inherited) @executable_path/Frameworks @executable_path/../../Frameworks";
				PRODUCT_NAME = "${TARGET_NAME}";
				SKIP_INSTALL = YES;
			};
			name = Debug;
		};
		94AA07B11AC8B36500FB0978 /* Release */ = {
			isa = XCBuildConfiguration;
			buildSettings = {
				INFOPLIST_FILE = "RoShamBo WatchKit Extension/Info.plist";
				LD_RUNPATH_SEARCH_PATHS = "$(inherited) @executable_path/Frameworks @executable_path/../../Frameworks";
				PRODUCT_NAME = "${TARGET_NAME}";
				SKIP_INSTALL = YES;
			};
			name = Release;
		};
		94AA07B21AC8B36500FB0978 /* Debug */ = {
			isa = XCBuildConfiguration;
			buildSettings = {
				ASSETCATALOG_COMPILER_APPICON_NAME = AppIcon;
				GCC_PREPROCESSOR_DEFINITIONS = (
					"DEBUG=1",
					"$(inherited)",
				);
				IBSC_MODULE = RoShamBo_WatchKit_Extension;
				INFOPLIST_FILE = "RoShamBo WatchKit App/Info.plist";
				PRODUCT_NAME = "$(TARGET_NAME)";
				SKIP_INSTALL = YES;
				TARGETED_DEVICE_FAMILY = 4;
				"TARGETED_DEVICE_FAMILY[sdk=iphonesimulator*]" = "1,4";
			};
			name = Debug;
		};
		94AA07B31AC8B36500FB0978 /* Release */ = {
			isa = XCBuildConfiguration;
			buildSettings = {
				ASSETCATALOG_COMPILER_APPICON_NAME = AppIcon;
				IBSC_MODULE = RoShamBo_WatchKit_Extension;
				INFOPLIST_FILE = "RoShamBo WatchKit App/Info.plist";
				PRODUCT_NAME = "$(TARGET_NAME)";
				SKIP_INSTALL = YES;
				TARGETED_DEVICE_FAMILY = 4;
				"TARGETED_DEVICE_FAMILY[sdk=iphonesimulator*]" = "1,4";
			};
			name = Release;
		};
/* End XCBuildConfiguration section */

/* Begin XCConfigurationList section */
		948E54081AC3725100CCF68F /* Build configuration list for PBXProject "RoShamBo" */ = {
			isa = XCConfigurationList;
			buildConfigurations = (
				948E542A1AC3725100CCF68F /* Debug */,
				948E542B1AC3725100CCF68F /* Release */,
			);
			defaultConfigurationIsVisible = 0;
			defaultConfigurationName = Release;
		};
		948E542C1AC3725100CCF68F /* Build configuration list for PBXNativeTarget "RoShamBo" */ = {
			isa = XCConfigurationList;
			buildConfigurations = (
				948E542D1AC3725100CCF68F /* Debug */,
				948E542E1AC3725100CCF68F /* Release */,
			);
			defaultConfigurationIsVisible = 0;
			defaultConfigurationName = Release;
		};
		94AA07821AC8AE3800FB0978 /* Build configuration list for PBXNativeTarget "RoShamBoKit" */ = {
			isa = XCConfigurationList;
			buildConfigurations = (
				94AA07831AC8AE3800FB0978 /* Debug */,
				94AA07841AC8AE3800FB0978 /* Release */,
			);
			defaultConfigurationIsVisible = 0;
			defaultConfigurationName = Release;
		};
		94AA07861AC8AE3800FB0978 /* Build configuration list for PBXNativeTarget "RoShamBoKitTests" */ = {
			isa = XCConfigurationList;
			buildConfigurations = (
				94AA07871AC8AE3800FB0978 /* Debug */,
				94AA07881AC8AE3800FB0978 /* Release */,
			);
			defaultConfigurationIsVisible = 0;
			defaultConfigurationName = Release;
		};
		94AA07B41AC8B36500FB0978 /* Build configuration list for PBXNativeTarget "RoShamBo WatchKit App" */ = {
			isa = XCConfigurationList;
			buildConfigurations = (
				94AA07B21AC8B36500FB0978 /* Debug */,
				94AA07B31AC8B36500FB0978 /* Release */,
			);
			defaultConfigurationIsVisible = 0;
		};
		94AA07B51AC8B36500FB0978 /* Build configuration list for PBXNativeTarget "RoShamBo WatchKit Extension" */ = {
			isa = XCConfigurationList;
			buildConfigurations = (
				94AA07B01AC8B36500FB0978 /* Debug */,
				94AA07B11AC8B36500FB0978 /* Release */,
			);
			defaultConfigurationIsVisible = 0;
		};
/* End XCConfigurationList section */
	};
	rootObject = 948E54051AC3725100CCF68F /* Project object */;
}
